// !$*UTF8*$!
{
	archiveVersion = 1;
	classes = {
	};
	objectVersion = 46;
	objects = {

/* Begin PBXBuildFile section */
		125FFBA3DFD821FD6F5B29E4 /* Pods_Investment_Hero.framework in Frameworks */ = {isa = PBXBuildFile; fileRef = CBDA497E81D49ABA36EDE727 /* Pods_Investment_Hero.framework */; };
		4615D5341DD76C05008E59FE /* WelcomePageVC.swift in Sources */ = {isa = PBXBuildFile; fileRef = 4615D5331DD76C05008E59FE /* WelcomePageVC.swift */; };
		4615D5361DD77C73008E59FE /* TutorialScreenVC.swift in Sources */ = {isa = PBXBuildFile; fileRef = 4615D5351DD77C73008E59FE /* TutorialScreenVC.swift */; };
		4615D5381DD77D29008E59FE /* MaterialButton.swift in Sources */ = {isa = PBXBuildFile; fileRef = 4615D5371DD77D29008E59FE /* MaterialButton.swift */; };
		4615D53A1DD7BACA008E59FE /* TipsVC.swift in Sources */ = {isa = PBXBuildFile; fileRef = 4615D5391DD7BACA008E59FE /* TipsVC.swift */; };
		4615D53C1DD7D637008E59FE /* OrderDetailsCell.swift in Sources */ = {isa = PBXBuildFile; fileRef = 4615D53B1DD7D637008E59FE /* OrderDetailsCell.swift */; };
		4615D53E1DD7E18D008E59FE /* DefinitionsVC.swift in Sources */ = {isa = PBXBuildFile; fileRef = 4615D53D1DD7E18D008E59FE /* DefinitionsVC.swift */; };
		4615D5401DD802F7008E59FE /* InvestingManager.swift in Sources */ = {isa = PBXBuildFile; fileRef = 4615D53F1DD802F7008E59FE /* InvestingManager.swift */; };
		465858A81DD6E7A000649B0A /* AnimationEngine.swift in Sources */ = {isa = PBXBuildFile; fileRef = 465858A71DD6E7A000649B0A /* AnimationEngine.swift */; };
		465858AA1DD6E7FC00649B0A /* SymbolCard.xib in Resources */ = {isa = PBXBuildFile; fileRef = 465858A91DD6E7FC00649B0A /* SymbolCard.xib */; };
		465858AC1DD6E86C00649B0A /* SymbolCard.swift in Sources */ = {isa = PBXBuildFile; fileRef = 465858AB1DD6E86C00649B0A /* SymbolCard.swift */; };
		465858AE1DD7082900649B0A /* PreviewOrderCard.xib in Resources */ = {isa = PBXBuildFile; fileRef = 465858AD1DD7082900649B0A /* PreviewOrderCard.xib */; };
		465858B21DD70AF500649B0A /* PreviewOrderCard.swift in Sources */ = {isa = PBXBuildFile; fileRef = 465858B11DD70AF500649B0A /* PreviewOrderCard.swift */; };
		465858B41DD75BD100649B0A /* PeekOrderVC.swift in Sources */ = {isa = PBXBuildFile; fileRef = 465858B31DD75BD100649B0A /* PeekOrderVC.swift */; };
		46AE5E0A1DD6889A009ABD5F /* AppDelegate.swift in Sources */ = {isa = PBXBuildFile; fileRef = 46AE5E091DD6889A009ABD5F /* AppDelegate.swift */; };
		46AE5E0C1DD6889A009ABD5F /* PortfolioVC.swift in Sources */ = {isa = PBXBuildFile; fileRef = 46AE5E0B1DD6889A009ABD5F /* PortfolioVC.swift */; };
		46AE5E0F1DD6889A009ABD5F /* Main.storyboard in Resources */ = {isa = PBXBuildFile; fileRef = 46AE5E0D1DD6889A009ABD5F /* Main.storyboard */; };
		46AE5E111DD6889A009ABD5F /* Assets.xcassets in Resources */ = {isa = PBXBuildFile; fileRef = 46AE5E101DD6889A009ABD5F /* Assets.xcassets */; };
		46AE5E141DD6889A009ABD5F /* LaunchScreen.storyboard in Resources */ = {isa = PBXBuildFile; fileRef = 46AE5E121DD6889A009ABD5F /* LaunchScreen.storyboard */; };
		46AE5E211DD68A50009ABD5F /* ConversationVC.swift in Sources */ = {isa = PBXBuildFile; fileRef = 46AE5E201DD68A50009ABD5F /* ConversationVC.swift */; };
		46AE5E231DD68CE3009ABD5F /* Constants.swift in Sources */ = {isa = PBXBuildFile; fileRef = 46AE5E221DD68CE3009ABD5F /* Constants.swift */; };
		46AE5E261DD68E11009ABD5F /* MaterialView.swift in Sources */ = {isa = PBXBuildFile; fileRef = 46AE5E251DD68E11009ABD5F /* MaterialView.swift */; };
		46AE5E291DD69354009ABD5F /* PortfolioCell.swift in Sources */ = {isa = PBXBuildFile; fileRef = 46AE5E281DD69354009ABD5F /* PortfolioCell.swift */; };
		46AE5E2B1DD696D9009ABD5F /* GoogleService-Info.plist in Resources */ = {isa = PBXBuildFile; fileRef = 46AE5E2A1DD696D9009ABD5F /* GoogleService-Info.plist */; };
		46AE5E2D1DD6975C009ABD5F /* DataService.swift in Sources */ = {isa = PBXBuildFile; fileRef = 46AE5E2C1DD6975C009ABD5F /* DataService.swift */; };
		46AE5E2F1DD697A5009ABD5F /* WebService.swift in Sources */ = {isa = PBXBuildFile; fileRef = 46AE5E2E1DD697A5009ABD5F /* WebService.swift */; };
		46AE5E321DD69A96009ABD5F /* ChatVC.swift in Sources */ = {isa = PBXBuildFile; fileRef = 46AE5E311DD69A96009ABD5F /* ChatVC.swift */; };
		46AE5E341DD6AE97009ABD5F /* PortfolioHeaderView.xib in Resources */ = {isa = PBXBuildFile; fileRef = 46AE5E331DD6AE97009ABD5F /* PortfolioHeaderView.xib */; };
		46AE5E361DD6B90C009ABD5F /* PortfolioFooterView.xib in Resources */ = {isa = PBXBuildFile; fileRef = 46AE5E351DD6B90C009ABD5F /* PortfolioFooterView.xib */; };
		46AE5E3A1DD6BD1F009ABD5F /* CreateNewOrderVC.swift in Sources */ = {isa = PBXBuildFile; fileRef = 46AE5E381DD6BD1F009ABD5F /* CreateNewOrderVC.swift */; };
		46AE5E3B1DD6BD1F009ABD5F /* CreateNewOrderVC.xib in Resources */ = {isa = PBXBuildFile; fileRef = 46AE5E391DD6BD1F009ABD5F /* CreateNewOrderVC.xib */; };
		46AE5E3D1DD6C4BA009ABD5F /* MaterialTextField.swift in Sources */ = {isa = PBXBuildFile; fileRef = 46AE5E3C1DD6C4BA009ABD5F /* MaterialTextField.swift */; };
		46AE5E3F1DD6C763009ABD5F /* Order.swift in Sources */ = {isa = PBXBuildFile; fileRef = 46AE5E3E1DD6C763009ABD5F /* Order.swift */; };
		46AE5E411DD6C7E4009ABD5F /* Extensions.swift in Sources */ = {isa = PBXBuildFile; fileRef = 46AE5E401DD6C7E4009ABD5F /* Extensions.swift */; };
		46AE5E431DD6C8C4009ABD5F /* UserdataService.swift in Sources */ = {isa = PBXBuildFile; fileRef = 46AE5E421DD6C8C4009ABD5F /* UserdataService.swift */; };
		46AE5E451DD6D343009ABD5F /* Symbol.swift in Sources */ = {isa = PBXBuildFile; fileRef = 46AE5E441DD6D343009ABD5F /* Symbol.swift */; };
/* End PBXBuildFile section */

/* Begin PBXFileReference section */
		0CFA8067BB1758BE2B3ABB2B /* Pods-Investment Hero.debug.xcconfig */ = {isa = PBXFileReference; includeInIndex = 1; lastKnownFileType = text.xcconfig; name = "Pods-Investment Hero.debug.xcconfig"; path = "Pods/Target Support Files/Pods-Investment Hero/Pods-Investment Hero.debug.xcconfig"; sourceTree = "<group>"; };
		4615D5331DD76C05008E59FE /* WelcomePageVC.swift */ = {isa = PBXFileReference; fileEncoding = 4; lastKnownFileType = sourcecode.swift; path = WelcomePageVC.swift; sourceTree = "<group>"; };
		4615D5351DD77C73008E59FE /* TutorialScreenVC.swift */ = {isa = PBXFileReference; fileEncoding = 4; lastKnownFileType = sourcecode.swift; path = TutorialScreenVC.swift; sourceTree = "<group>"; };
		4615D5371DD77D29008E59FE /* MaterialButton.swift */ = {isa = PBXFileReference; fileEncoding = 4; lastKnownFileType = sourcecode.swift; path = MaterialButton.swift; sourceTree = "<group>"; };
		4615D5391DD7BACA008E59FE /* TipsVC.swift */ = {isa = PBXFileReference; fileEncoding = 4; lastKnownFileType = sourcecode.swift; path = TipsVC.swift; sourceTree = "<group>"; };
		4615D53B1DD7D637008E59FE /* OrderDetailsCell.swift */ = {isa = PBXFileReference; fileEncoding = 4; lastKnownFileType = sourcecode.swift; path = OrderDetailsCell.swift; sourceTree = "<group>"; };
		4615D53D1DD7E18D008E59FE /* DefinitionsVC.swift */ = {isa = PBXFileReference; fileEncoding = 4; lastKnownFileType = sourcecode.swift; path = DefinitionsVC.swift; sourceTree = "<group>"; };
		4615D53F1DD802F7008E59FE /* InvestingManager.swift */ = {isa = PBXFileReference; fileEncoding = 4; lastKnownFileType = sourcecode.swift; path = InvestingManager.swift; sourceTree = "<group>"; };
		465858A71DD6E7A000649B0A /* AnimationEngine.swift */ = {isa = PBXFileReference; fileEncoding = 4; lastKnownFileType = sourcecode.swift; path = AnimationEngine.swift; sourceTree = "<group>"; };
		465858A91DD6E7FC00649B0A /* SymbolCard.xib */ = {isa = PBXFileReference; fileEncoding = 4; lastKnownFileType = file.xib; path = SymbolCard.xib; sourceTree = "<group>"; };
		465858AB1DD6E86C00649B0A /* SymbolCard.swift */ = {isa = PBXFileReference; fileEncoding = 4; lastKnownFileType = sourcecode.swift; path = SymbolCard.swift; sourceTree = "<group>"; };
		465858AD1DD7082900649B0A /* PreviewOrderCard.xib */ = {isa = PBXFileReference; fileEncoding = 4; lastKnownFileType = file.xib; path = PreviewOrderCard.xib; sourceTree = "<group>"; };
		465858B11DD70AF500649B0A /* PreviewOrderCard.swift */ = {isa = PBXFileReference; fileEncoding = 4; lastKnownFileType = sourcecode.swift; path = PreviewOrderCard.swift; sourceTree = "<group>"; };
		465858B31DD75BD100649B0A /* PeekOrderVC.swift */ = {isa = PBXFileReference; fileEncoding = 4; lastKnownFileType = sourcecode.swift; path = PeekOrderVC.swift; sourceTree = "<group>"; };
		46AE5E061DD6889A009ABD5F /* Investment Hero.app */ = {isa = PBXFileReference; explicitFileType = wrapper.application; includeInIndex = 0; path = "Investment Hero.app"; sourceTree = BUILT_PRODUCTS_DIR; };
		46AE5E091DD6889A009ABD5F /* AppDelegate.swift */ = {isa = PBXFileReference; lastKnownFileType = sourcecode.swift; path = AppDelegate.swift; sourceTree = "<group>"; };
		46AE5E0B1DD6889A009ABD5F /* PortfolioVC.swift */ = {isa = PBXFileReference; lastKnownFileType = sourcecode.swift; path = PortfolioVC.swift; sourceTree = "<group>"; };
		46AE5E0E1DD6889A009ABD5F /* Base */ = {isa = PBXFileReference; lastKnownFileType = file.storyboard; name = Base; path = Base.lproj/Main.storyboard; sourceTree = "<group>"; };
		46AE5E101DD6889A009ABD5F /* Assets.xcassets */ = {isa = PBXFileReference; lastKnownFileType = folder.assetcatalog; path = Assets.xcassets; sourceTree = "<group>"; };
		46AE5E131DD6889A009ABD5F /* Base */ = {isa = PBXFileReference; lastKnownFileType = file.storyboard; name = Base; path = Base.lproj/LaunchScreen.storyboard; sourceTree = "<group>"; };
		46AE5E151DD6889A009ABD5F /* Info.plist */ = {isa = PBXFileReference; lastKnownFileType = text.plist.xml; path = Info.plist; sourceTree = "<group>"; };
		46AE5E201DD68A50009ABD5F /* ConversationVC.swift */ = {isa = PBXFileReference; fileEncoding = 4; lastKnownFileType = sourcecode.swift; path = ConversationVC.swift; sourceTree = "<group>"; };
		46AE5E221DD68CE3009ABD5F /* Constants.swift */ = {isa = PBXFileReference; fileEncoding = 4; lastKnownFileType = sourcecode.swift; path = Constants.swift; sourceTree = "<group>"; };
		46AE5E251DD68E11009ABD5F /* MaterialView.swift */ = {isa = PBXFileReference; fileEncoding = 4; lastKnownFileType = sourcecode.swift; path = MaterialView.swift; sourceTree = "<group>"; };
		46AE5E281DD69354009ABD5F /* PortfolioCell.swift */ = {isa = PBXFileReference; fileEncoding = 4; lastKnownFileType = sourcecode.swift; path = PortfolioCell.swift; sourceTree = "<group>"; };
		46AE5E2A1DD696D9009ABD5F /* GoogleService-Info.plist */ = {isa = PBXFileReference; fileEncoding = 4; lastKnownFileType = text.plist.xml; path = "GoogleService-Info.plist"; sourceTree = "<group>"; };
		46AE5E2C1DD6975C009ABD5F /* DataService.swift */ = {isa = PBXFileReference; fileEncoding = 4; lastKnownFileType = sourcecode.swift; path = DataService.swift; sourceTree = "<group>"; };
		46AE5E2E1DD697A5009ABD5F /* WebService.swift */ = {isa = PBXFileReference; fileEncoding = 4; lastKnownFileType = sourcecode.swift; path = WebService.swift; sourceTree = "<group>"; };
		46AE5E311DD69A96009ABD5F /* ChatVC.swift */ = {isa = PBXFileReference; fileEncoding = 4; lastKnownFileType = sourcecode.swift; path = ChatVC.swift; sourceTree = "<group>"; };
		46AE5E331DD6AE97009ABD5F /* PortfolioHeaderView.xib */ = {isa = PBXFileReference; fileEncoding = 4; lastKnownFileType = file.xib; path = PortfolioHeaderView.xib; sourceTree = "<group>"; };
		46AE5E351DD6B90C009ABD5F /* PortfolioFooterView.xib */ = {isa = PBXFileReference; fileEncoding = 4; lastKnownFileType = file.xib; path = PortfolioFooterView.xib; sourceTree = "<group>"; };
		46AE5E381DD6BD1F009ABD5F /* CreateNewOrderVC.swift */ = {isa = PBXFileReference; fileEncoding = 4; lastKnownFileType = sourcecode.swift; path = CreateNewOrderVC.swift; sourceTree = "<group>"; };
		46AE5E391DD6BD1F009ABD5F /* CreateNewOrderVC.xib */ = {isa = PBXFileReference; fileEncoding = 4; lastKnownFileType = file.xib; path = CreateNewOrderVC.xib; sourceTree = "<group>"; };
		46AE5E3C1DD6C4BA009ABD5F /* MaterialTextField.swift */ = {isa = PBXFileReference; fileEncoding = 4; lastKnownFileType = sourcecode.swift; path = MaterialTextField.swift; sourceTree = "<group>"; };
		46AE5E3E1DD6C763009ABD5F /* Order.swift */ = {isa = PBXFileReference; fileEncoding = 4; lastKnownFileType = sourcecode.swift; path = Order.swift; sourceTree = "<group>"; };
		46AE5E401DD6C7E4009ABD5F /* Extensions.swift */ = {isa = PBXFileReference; fileEncoding = 4; lastKnownFileType = sourcecode.swift; path = Extensions.swift; sourceTree = "<group>"; };
		46AE5E421DD6C8C4009ABD5F /* UserdataService.swift */ = {isa = PBXFileReference; fileEncoding = 4; lastKnownFileType = sourcecode.swift; path = UserdataService.swift; sourceTree = "<group>"; };
		46AE5E441DD6D343009ABD5F /* Symbol.swift */ = {isa = PBXFileReference; fileEncoding = 4; lastKnownFileType = sourcecode.swift; path = Symbol.swift; sourceTree = "<group>"; };
		4A33E5327D6CC78CB903FA44 /* Pods-Investment Hero.release.xcconfig */ = {isa = PBXFileReference; includeInIndex = 1; lastKnownFileType = text.xcconfig; name = "Pods-Investment Hero.release.xcconfig"; path = "Pods/Target Support Files/Pods-Investment Hero/Pods-Investment Hero.release.xcconfig"; sourceTree = "<group>"; };
		CBDA497E81D49ABA36EDE727 /* Pods_Investment_Hero.framework */ = {isa = PBXFileReference; explicitFileType = wrapper.framework; includeInIndex = 0; path = Pods_Investment_Hero.framework; sourceTree = BUILT_PRODUCTS_DIR; };
/* End PBXFileReference section */

/* Begin PBXFrameworksBuildPhase section */
		46AE5E031DD6889A009ABD5F /* Frameworks */ = {
			isa = PBXFrameworksBuildPhase;
			buildActionMask = 2147483647;
			files = (
				125FFBA3DFD821FD6F5B29E4 /* Pods_Investment_Hero.framework in Frameworks */,
			);
			runOnlyForDeploymentPostprocessing = 0;
		};
/* End PBXFrameworksBuildPhase section */

/* Begin PBXGroup section */
		21066F57DABDFF987EFD6FBF /* Pods */ = {
			isa = PBXGroup;
			children = (
				0CFA8067BB1758BE2B3ABB2B /* Pods-Investment Hero.debug.xcconfig */,
				4A33E5327D6CC78CB903FA44 /* Pods-Investment Hero.release.xcconfig */,
			);
			name = Pods;
			sourceTree = "<group>";
		};
		46AE5DFD1DD6889A009ABD5F = {
			isa = PBXGroup;
			children = (
				46AE5E081DD6889A009ABD5F /* Investment Hero */,
				46AE5E071DD6889A009ABD5F /* Products */,
				21066F57DABDFF987EFD6FBF /* Pods */,
				831DD59DB2A692B18A0B33B9 /* Frameworks */,
			);
			sourceTree = "<group>";
		};
		46AE5E071DD6889A009ABD5F /* Products */ = {
			isa = PBXGroup;
			children = (
				46AE5E061DD6889A009ABD5F /* Investment Hero.app */,
			);
			name = Products;
			sourceTree = "<group>";
		};
		46AE5E081DD6889A009ABD5F /* Investment Hero */ = {
			isa = PBXGroup;
			children = (
				46AE5E1F1DD6897A009ABD5F /* Services */,
				46AE5E1E1DD68975009ABD5F /* Supporting Files */,
				46AE5E1D1DD68970009ABD5F /* Controller */,
				46AE5E1C1DD6896C009ABD5F /* View */,
				46AE5E1B1DD68969009ABD5F /* Model */,
			);
			path = "Investment Hero";
			sourceTree = "<group>";
		};
		46AE5E1B1DD68969009ABD5F /* Model */ = {
			isa = PBXGroup;
			children = (
				46AE5E3E1DD6C763009ABD5F /* Order.swift */,
				46AE5E441DD6D343009ABD5F /* Symbol.swift */,
			);
			name = Model;
			sourceTree = "<group>";
		};
		46AE5E1C1DD6896C009ABD5F /* View */ = {
			isa = PBXGroup;
			children = (
				46AE5E271DD69331009ABD5F /* Tableview Cells */,
				46AE5E241DD68DF6009ABD5F /* Material  */,
				46AE5E0D1DD6889A009ABD5F /* Main.storyboard */,
				46AE5E121DD6889A009ABD5F /* LaunchScreen.storyboard */,
			);
			name = View;
			sourceTree = "<group>";
		};
		46AE5E1D1DD68970009ABD5F /* Controller */ = {
			isa = PBXGroup;
			children = (
				46AE5E371DD6BD05009ABD5F /* Create New Order */,
				46AE5E0B1DD6889A009ABD5F /* PortfolioVC.swift */,
				46AE5E201DD68A50009ABD5F /* ConversationVC.swift */,
				46AE5E311DD69A96009ABD5F /* ChatVC.swift */,
				465858B31DD75BD100649B0A /* PeekOrderVC.swift */,
				4615D5331DD76C05008E59FE /* WelcomePageVC.swift */,
				4615D5351DD77C73008E59FE /* TutorialScreenVC.swift */,
				4615D5391DD7BACA008E59FE /* TipsVC.swift */,
				4615D53D1DD7E18D008E59FE /* DefinitionsVC.swift */,
			);
			name = Controller;
			sourceTree = "<group>";
		};
		46AE5E1E1DD68975009ABD5F /* Supporting Files */ = {
			isa = PBXGroup;
			children = (
				46AE5E2A1DD696D9009ABD5F /* GoogleService-Info.plist */,
				46AE5E101DD6889A009ABD5F /* Assets.xcassets */,
				46AE5E151DD6889A009ABD5F /* Info.plist */,
				46AE5E091DD6889A009ABD5F /* AppDelegate.swift */,
				46AE5E221DD68CE3009ABD5F /* Constants.swift */,
				46AE5E401DD6C7E4009ABD5F /* Extensions.swift */,
			);
			name = "Supporting Files";
			sourceTree = "<group>";
		};
		46AE5E1F1DD6897A009ABD5F /* Services */ = {
			isa = PBXGroup;
			children = (
				46AE5E2C1DD6975C009ABD5F /* DataService.swift */,
				46AE5E2E1DD697A5009ABD5F /* WebService.swift */,
				46AE5E421DD6C8C4009ABD5F /* UserdataService.swift */,
				465858A71DD6E7A000649B0A /* AnimationEngine.swift */,
				4615D53F1DD802F7008E59FE /* InvestingManager.swift */,
			);
			name = Services;
			sourceTree = "<group>";
		};
		46AE5E241DD68DF6009ABD5F /* Material  */ = {
			isa = PBXGroup;
			children = (
				46AE5E251DD68E11009ABD5F /* MaterialView.swift */,
				46AE5E3C1DD6C4BA009ABD5F /* MaterialTextField.swift */,
				4615D5371DD77D29008E59FE /* MaterialButton.swift */,
			);
			name = "Material ";
			sourceTree = "<group>";
		};
		46AE5E271DD69331009ABD5F /* Tableview Cells */ = {
			isa = PBXGroup;
			children = (
				46AE5E281DD69354009ABD5F /* PortfolioCell.swift */,
				46AE5E331DD6AE97009ABD5F /* PortfolioHeaderView.xib */,
				46AE5E351DD6B90C009ABD5F /* PortfolioFooterView.xib */,
				4615D53B1DD7D637008E59FE /* OrderDetailsCell.swift */,
			);
			name = "Tableview Cells";
			sourceTree = "<group>";
		};
		46AE5E371DD6BD05009ABD5F /* Create New Order */ = {
			isa = PBXGroup;
			children = (
				46AE5E381DD6BD1F009ABD5F /* CreateNewOrderVC.swift */,
				46AE5E391DD6BD1F009ABD5F /* CreateNewOrderVC.xib */,
				465858A91DD6E7FC00649B0A /* SymbolCard.xib */,
				465858AB1DD6E86C00649B0A /* SymbolCard.swift */,
				465858AD1DD7082900649B0A /* PreviewOrderCard.xib */,
				465858B11DD70AF500649B0A /* PreviewOrderCard.swift */,
			);
			name = "Create New Order";
			sourceTree = "<group>";
		};
		831DD59DB2A692B18A0B33B9 /* Frameworks */ = {
			isa = PBXGroup;
			children = (
				CBDA497E81D49ABA36EDE727 /* Pods_Investment_Hero.framework */,
			);
			name = Frameworks;
			sourceTree = "<group>";
		};
/* End PBXGroup section */

/* Begin PBXNativeTarget section */
		46AE5E051DD6889A009ABD5F /* Investment Hero */ = {
			isa = PBXNativeTarget;
			buildConfigurationList = 46AE5E181DD6889A009ABD5F /* Build configuration list for PBXNativeTarget "Investment Hero" */;
			buildPhases = (
				E3CEF03E6E5724DD1D21484A /* [CP] Check Pods Manifest.lock */,
				46AE5E021DD6889A009ABD5F /* Sources */,
				46AE5E031DD6889A009ABD5F /* Frameworks */,
				46AE5E041DD6889A009ABD5F /* Resources */,
				BEC7823E7B7041704731021E /* [CP] Embed Pods Frameworks */,
				6C0C8162EF758930E249B6BE /* [CP] Copy Pods Resources */,
			);
			buildRules = (
			);
			dependencies = (
			);
			name = "Investment Hero";
			productName = "Investment Hero";
			productReference = 46AE5E061DD6889A009ABD5F /* Investment Hero.app */;
			productType = "com.apple.product-type.application";
		};
/* End PBXNativeTarget section */

/* Begin PBXProject section */
		46AE5DFE1DD6889A009ABD5F /* Project object */ = {
			isa = PBXProject;
			attributes = {
				LastSwiftUpdateCheck = 0810;
				LastUpgradeCheck = 0810;
				ORGANIZATIONNAME = "Alex Nguyen";
				TargetAttributes = {
					46AE5E051DD6889A009ABD5F = {
						CreatedOnToolsVersion = 8.1;
						DevelopmentTeam = H8F484VNTV;
						ProvisioningStyle = Automatic;
					};
				};
			};
			buildConfigurationList = 46AE5E011DD6889A009ABD5F /* Build configuration list for PBXProject "Investment Hero" */;
			compatibilityVersion = "Xcode 3.2";
			developmentRegion = English;
			hasScannedForEncodings = 0;
			knownRegions = (
				en,
				Base,
			);
			mainGroup = 46AE5DFD1DD6889A009ABD5F;
			productRefGroup = 46AE5E071DD6889A009ABD5F /* Products */;
			projectDirPath = "";
			projectRoot = "";
			targets = (
				46AE5E051DD6889A009ABD5F /* Investment Hero */,
			);
		};
/* End PBXProject section */

/* Begin PBXResourcesBuildPhase section */
		46AE5E041DD6889A009ABD5F /* Resources */ = {
			isa = PBXResourcesBuildPhase;
			buildActionMask = 2147483647;
			files = (
				46AE5E341DD6AE97009ABD5F /* PortfolioHeaderView.xib in Resources */,
				46AE5E361DD6B90C009ABD5F /* PortfolioFooterView.xib in Resources */,
				46AE5E141DD6889A009ABD5F /* LaunchScreen.storyboard in Resources */,
				46AE5E3B1DD6BD1F009ABD5F /* CreateNewOrderVC.xib in Resources */,
				46AE5E2B1DD696D9009ABD5F /* GoogleService-Info.plist in Resources */,
				46AE5E111DD6889A009ABD5F /* Assets.xcassets in Resources */,
				46AE5E0F1DD6889A009ABD5F /* Main.storyboard in Resources */,
				465858AA1DD6E7FC00649B0A /* SymbolCard.xib in Resources */,
				465858AE1DD7082900649B0A /* PreviewOrderCard.xib in Resources */,
			);
			runOnlyForDeploymentPostprocessing = 0;
		};
/* End PBXResourcesBuildPhase section */

/* Begin PBXShellScriptBuildPhase section */
		6C0C8162EF758930E249B6BE /* [CP] Copy Pods Resources */ = {
			isa = PBXShellScriptBuildPhase;
			buildActionMask = 2147483647;
			files = (
			);
			inputPaths = (
			);
			name = "[CP] Copy Pods Resources";
			outputPaths = (
			);
			runOnlyForDeploymentPostprocessing = 0;
			shellPath = /bin/sh;
			shellScript = "\"${SRCROOT}/Pods/Target Support Files/Pods-Investment Hero/Pods-Investment Hero-resources.sh\"\n";
			showEnvVarsInLog = 0;
		};
		BEC7823E7B7041704731021E /* [CP] Embed Pods Frameworks */ = {
			isa = PBXShellScriptBuildPhase;
			buildActionMask = 2147483647;
			files = (
			);
			inputPaths = (
			);
			name = "[CP] Embed Pods Frameworks";
			outputPaths = (
			);
			runOnlyForDeploymentPostprocessing = 0;
			shellPath = /bin/sh;
			shellScript = "\"${SRCROOT}/Pods/Target Support Files/Pods-Investment Hero/Pods-Investment Hero-frameworks.sh\"\n";
			showEnvVarsInLog = 0;
		};
		E3CEF03E6E5724DD1D21484A /* [CP] Check Pods Manifest.lock */ = {
			isa = PBXShellScriptBuildPhase;
			buildActionMask = 2147483647;
			files = (
			);
			inputPaths = (
			);
			name = "[CP] Check Pods Manifest.lock";
			outputPaths = (
			);
			runOnlyForDeploymentPostprocessing = 0;
			shellPath = /bin/sh;
			shellScript = "diff \"${PODS_ROOT}/../Podfile.lock\" \"${PODS_ROOT}/Manifest.lock\" > /dev/null\nif [ $? != 0 ] ; then\n    # print error to STDERR\n    echo \"error: The sandbox is not in sync with the Podfile.lock. Run 'pod install' or update your CocoaPods installation.\" >&2\n    exit 1\nfi\n";
			showEnvVarsInLog = 0;
		};
/* End PBXShellScriptBuildPhase section */

/* Begin PBXSourcesBuildPhase section */
		46AE5E021DD6889A009ABD5F /* Sources */ = {
			isa = PBXSourcesBuildPhase;
			buildActionMask = 2147483647;
			files = (
				46AE5E3A1DD6BD1F009ABD5F /* CreateNewOrderVC.swift in Sources */,
				4615D53A1DD7BACA008E59FE /* TipsVC.swift in Sources */,
				46AE5E321DD69A96009ABD5F /* ChatVC.swift in Sources */,
				465858A81DD6E7A000649B0A /* AnimationEngine.swift in Sources */,
				4615D53E1DD7E18D008E59FE /* DefinitionsVC.swift in Sources */,
				465858B21DD70AF500649B0A /* PreviewOrderCard.swift in Sources */,
				46AE5E0C1DD6889A009ABD5F /* PortfolioVC.swift in Sources */,
				46AE5E3D1DD6C4BA009ABD5F /* MaterialTextField.swift in Sources */,
				4615D5361DD77C73008E59FE /* TutorialScreenVC.swift in Sources */,
				46AE5E431DD6C8C4009ABD5F /* UserdataService.swift in Sources */,
				46AE5E2D1DD6975C009ABD5F /* DataService.swift in Sources */,
				46AE5E2F1DD697A5009ABD5F /* WebService.swift in Sources */,
				46AE5E3F1DD6C763009ABD5F /* Order.swift in Sources */,
				46AE5E211DD68A50009ABD5F /* ConversationVC.swift in Sources */,
				465858AC1DD6E86C00649B0A /* SymbolCard.swift in Sources */,
				465858B41DD75BD100649B0A /* PeekOrderVC.swift in Sources */,
				46AE5E411DD6C7E4009ABD5F /* Extensions.swift in Sources */,
				4615D5401DD802F7008E59FE /* InvestingManager.swift in Sources */,
				46AE5E261DD68E11009ABD5F /* MaterialView.swift in Sources */,
				4615D5381DD77D29008E59FE /* MaterialButton.swift in Sources */,
				46AE5E451DD6D343009ABD5F /* Symbol.swift in Sources */,
				4615D53C1DD7D637008E59FE /* OrderDetailsCell.swift in Sources */,
				4615D5341DD76C05008E59FE /* WelcomePageVC.swift in Sources */,
				46AE5E0A1DD6889A009ABD5F /* AppDelegate.swift in Sources */,
				46AE5E291DD69354009ABD5F /* PortfolioCell.swift in Sources */,
				46AE5E231DD68CE3009ABD5F /* Constants.swift in Sources */,
			);
			runOnlyForDeploymentPostprocessing = 0;
		};
/* End PBXSourcesBuildPhase section */

/* Begin PBXVariantGroup section */
		46AE5E0D1DD6889A009ABD5F /* Main.storyboard */ = {
			isa = PBXVariantGroup;
			children = (
				46AE5E0E1DD6889A009ABD5F /* Base */,
			);
			name = Main.storyboard;
			sourceTree = "<group>";
		};
		46AE5E121DD6889A009ABD5F /* LaunchScreen.storyboard */ = {
			isa = PBXVariantGroup;
			children = (
				46AE5E131DD6889A009ABD5F /* Base */,
			);
			name = LaunchScreen.storyboard;
			sourceTree = "<group>";
		};
/* End PBXVariantGroup section */

/* Begin XCBuildConfiguration section */
		46AE5E161DD6889A009ABD5F /* Debug */ = {
			isa = XCBuildConfiguration;
			buildSettings = {
				ALWAYS_SEARCH_USER_PATHS = NO;
				CLANG_ANALYZER_NONNULL = YES;
				CLANG_CXX_LANGUAGE_STANDARD = "gnu++0x";
				CLANG_CXX_LIBRARY = "libc++";
				CLANG_ENABLE_MODULES = YES;
				CLANG_ENABLE_OBJC_ARC = YES;
				CLANG_WARN_BOOL_CONVERSION = YES;
				CLANG_WARN_CONSTANT_CONVERSION = YES;
				CLANG_WARN_DIRECT_OBJC_ISA_USAGE = YES_ERROR;
				CLANG_WARN_DOCUMENTATION_COMMENTS = YES;
				CLANG_WARN_EMPTY_BODY = YES;
				CLANG_WARN_ENUM_CONVERSION = YES;
				CLANG_WARN_INFINITE_RECURSION = YES;
				CLANG_WARN_INT_CONVERSION = YES;
				CLANG_WARN_OBJC_ROOT_CLASS = YES_ERROR;
				CLANG_WARN_SUSPICIOUS_MOVES = YES;
				CLANG_WARN_UNREACHABLE_CODE = YES;
				CLANG_WARN__DUPLICATE_METHOD_MATCH = YES;
				"CODE_SIGN_IDENTITY[sdk=iphoneos*]" = "iPhone Developer";
				COPY_PHASE_STRIP = NO;
				DEBUG_INFORMATION_FORMAT = dwarf;
				ENABLE_STRICT_OBJC_MSGSEND = YES;
				ENABLE_TESTABILITY = YES;
				GCC_C_LANGUAGE_STANDARD = gnu99;
				GCC_DYNAMIC_NO_PIC = NO;
				GCC_NO_COMMON_BLOCKS = YES;
				GCC_OPTIMIZATION_LEVEL = 0;
				GCC_PREPROCESSOR_DEFINITIONS = (
					"DEBUG=1",
					"$(inherited)",
				);
				GCC_WARN_64_TO_32_BIT_CONVERSION = YES;
				GCC_WARN_ABOUT_RETURN_TYPE = YES_ERROR;
				GCC_WARN_UNDECLARED_SELECTOR = YES;
				GCC_WARN_UNINITIALIZED_AUTOS = YES_AGGRESSIVE;
				GCC_WARN_UNUSED_FUNCTION = YES;
				GCC_WARN_UNUSED_VARIABLE = YES;
				IPHONEOS_DEPLOYMENT_TARGET = 10.1;
				MTL_ENABLE_DEBUG_INFO = YES;
				ONLY_ACTIVE_ARCH = YES;
				SDKROOT = iphoneos;
				SWIFT_ACTIVE_COMPILATION_CONDITIONS = DEBUG;
				SWIFT_OPTIMIZATION_LEVEL = "-Onone";
			};
			name = Debug;
		};
		46AE5E171DD6889A009ABD5F /* Release */ = {
			isa = XCBuildConfiguration;
			buildSettings = {
				ALWAYS_SEARCH_USER_PATHS = NO;
				CLANG_ANALYZER_NONNULL = YES;
				CLANG_CXX_LANGUAGE_STANDARD = "gnu++0x";
				CLANG_CXX_LIBRARY = "libc++";
				CLANG_ENABLE_MODULES = YES;
				CLANG_ENABLE_OBJC_ARC = YES;
				CLANG_WARN_BOOL_CONVERSION = YES;
				CLANG_WARN_CONSTANT_CONVERSION = YES;
				CLANG_WARN_DIRECT_OBJC_ISA_USAGE = YES_ERROR;
				CLANG_WARN_DOCUMENTATION_COMMENTS = YES;
				CLANG_WARN_EMPTY_BODY = YES;
				CLANG_WARN_ENUM_CONVERSION = YES;
				CLANG_WARN_INFINITE_RECURSION = YES;
				CLANG_WARN_INT_CONVERSION = YES;
				CLANG_WARN_OBJC_ROOT_CLASS = YES_ERROR;
				CLANG_WARN_SUSPICIOUS_MOVES = YES;
				CLANG_WARN_UNREACHABLE_CODE = YES;
				CLANG_WARN__DUPLICATE_METHOD_MATCH = YES;
				"CODE_SIGN_IDENTITY[sdk=iphoneos*]" = "iPhone Developer";
				COPY_PHASE_STRIP = NO;
				DEBUG_INFORMATION_FORMAT = "dwarf-with-dsym";
				ENABLE_NS_ASSERTIONS = NO;
				ENABLE_STRICT_OBJC_MSGSEND = YES;
				GCC_C_LANGUAGE_STANDARD = gnu99;
				GCC_NO_COMMON_BLOCKS = YES;
				GCC_WARN_64_TO_32_BIT_CONVERSION = YES;
				GCC_WARN_ABOUT_RETURN_TYPE = YES_ERROR;
				GCC_WARN_UNDECLARED_SELECTOR = YES;
				GCC_WARN_UNINITIALIZED_AUTOS = YES_AGGRESSIVE;
				GCC_WARN_UNUSED_FUNCTION = YES;
				GCC_WARN_UNUSED_VARIABLE = YES;
				IPHONEOS_DEPLOYMENT_TARGET = 10.1;
				MTL_ENABLE_DEBUG_INFO = NO;
				SDKROOT = iphoneos;
				SWIFT_OPTIMIZATION_LEVEL = "-Owholemodule";
				VALIDATE_PRODUCT = YES;
			};
			name = Release;
		};
		46AE5E191DD6889A009ABD5F /* Debug */ = {
			isa = XCBuildConfiguration;
			baseConfigurationReference = 0CFA8067BB1758BE2B3ABB2B /* Pods-Investment Hero.debug.xcconfig */;
			buildSettings = {
				ASSETCATALOG_COMPILER_APPICON_NAME = AppIcon;
				DEVELOPMENT_TEAM = H8F484VNTV;
				INFOPLIST_FILE = "Investment Hero/Info.plist";
				IPHONEOS_DEPLOYMENT_TARGET = 9.0;
				LD_RUNPATH_SEARCH_PATHS = "$(inherited) @executable_path/Frameworks";
				PRODUCT_BUNDLE_IDENTIFIER = "org.yhack.Investment-Hero";
				PRODUCT_NAME = "$(TARGET_NAME)";
				SWIFT_VERSION = 3.0;
			};
			name = Debug;
		};
		46AE5E1A1DD6889A009ABD5F /* Release */ = {
			isa = XCBuildConfiguration;
			baseConfigurationReference = 4A33E5327D6CC78CB903FA44 /* Pods-Investment Hero.release.xcconfig */;
			buildSettings = {
				ASSETCATALOG_COMPILER_APPICON_NAME = AppIcon;
				DEVELOPMENT_TEAM = H8F484VNTV;
				INFOPLIST_FILE = "Investment Hero/Info.plist";
				IPHONEOS_DEPLOYMENT_TARGET = 9.0;
				LD_RUNPATH_SEARCH_PATHS = "$(inherited) @executable_path/Frameworks";
				PRODUCT_BUNDLE_IDENTIFIER = "org.yhack.Investment-Hero";
				PRODUCT_NAME = "$(TARGET_NAME)";
				SWIFT_VERSION = 3.0;
			};
			name = Release;
		};
/* End XCBuildConfiguration section */

/* Begin XCConfigurationList section */
		46AE5E011DD6889A009ABD5F /* Build configuration list for PBXProject "Investment Hero" */ = {
			isa = XCConfigurationList;
			buildConfigurations = (
				46AE5E161DD6889A009ABD5F /* Debug */,
				46AE5E171DD6889A009ABD5F /* Release */,
			);
			defaultConfigurationIsVisible = 0;
			defaultConfigurationName = Release;
		};
		46AE5E181DD6889A009ABD5F /* Build configuration list for PBXNativeTarget "Investment Hero" */ = {
			isa = XCConfigurationList;
			buildConfigurations = (
				46AE5E191DD6889A009ABD5F /* Debug */,
				46AE5E1A1DD6889A009ABD5F /* Release */,
			);
			defaultConfigurationIsVisible = 0;
			defaultConfigurationName = Release;
		};
/* End XCConfigurationList section */
	};
	rootObject = 46AE5DFE1DD6889A009ABD5F /* Project object */;
}
